
Microsoft Visual Studio Solution File, Format Version 12.00
# Visual Studio 15
VisualStudioVersion = 15.0.26124.0
MinimumVisualStudioVersion = 15.0.26124.0
Project("{FAE04EC0-301F-11D3-BF4B-00C04F79EFBC}") = "GameOfLifeService", "GameOfLifeService\GameOfLifeService.csproj", "{1C486F11-1ACD-4C12-AF0F-CB9672281A60}"
EndProject
Project("{FAE04EC0-301F-11D3-BF4B-00C04F79EFBC}") = "GameOfLifeService.Tests", "GameOfLifeService.Tests\GameOfLifeService.Tests.csproj", "{AFA48627-C222-49A2-9992-AC10848EC8BB}"
EndProject
Global
	GlobalSection(SolutionConfigurationPlatforms) = preSolution
		Debug|Any CPU = Debug|Any CPU
		Debug|x64 = Debug|x64
		Debug|x86 = Debug|x86
		Release|Any CPU = Release|Any CPU
		Release|x64 = Release|x64
		Release|x86 = Release|x86
	EndGlobalSection
	GlobalSection(SolutionProperties) = preSolution
		HideSolutionNode = FALSE
	EndGlobalSection
	GlobalSection(ProjectConfigurationPlatforms) = postSolution
		{1C486F11-1ACD-4C12-AF0F-CB9672281A60}.Debug|Any CPU.ActiveCfg = Debug|Any CPU
		{1C486F11-1ACD-4C12-AF0F-CB9672281A60}.Debug|Any CPU.Build.0 = Debug|Any CPU
		{1C486F11-1ACD-4C12-AF0F-CB9672281A60}.Debug|x64.ActiveCfg = Debug|Any CPU
		{1C486F11-1ACD-4C12-AF0F-CB9672281A60}.Debug|x64.Build.0 = Debug|Any CPU
		{1C486F11-1ACD-4C12-AF0F-CB9672281A60}.Debug|x86.ActiveCfg = Debug|Any CPU
		{1C486F11-1ACD-4C12-AF0F-CB9672281A60}.Debug|x86.Build.0 = Debug|Any CPU
		{1C486F11-1ACD-4C12-AF0F-CB9672281A60}.Release|Any CPU.ActiveCfg = Release|Any CPU
		{1C486F11-1ACD-4C12-AF0F-CB9672281A60}.Release|Any CPU.Build.0 = Release|Any CPU
		{1C486F11-1ACD-4C12-AF0F-CB9672281A60}.Release|x64.ActiveCfg = Release|Any CPU
		{1C486F11-1ACD-4C12-AF0F-CB9672281A60}.Release|x64.Build.0 = Release|Any CPU
		{1C486F11-1ACD-4C12-AF0F-CB9672281A60}.Release|x86.ActiveCfg = Release|Any CPU
		{1C486F11-1ACD-4C12-AF0F-CB9672281A60}.Release|x86.Build.0 = Release|Any CPU
		{AFA48627-C222-49A2-9992-AC10848EC8BB}.Debug|Any CPU.ActiveCfg = Debug|Any CPU
		{AFA48627-C222-49A2-9992-AC10848EC8BB}.Debug|Any CPU.Build.0 = Debug|Any CPU
		{AFA48627-C222-49A2-9992-AC10848EC8BB}.Debug|x64.ActiveCfg = Debug|Any CPU
		{AFA48627-C222-49A2-9992-AC10848EC8BB}.Debug|x64.Build.0 = Debug|Any CPU
		{AFA48627-C222-49A2-9992-AC10848EC8BB}.Debug|x86.ActiveCfg = Debug|Any CPU
		{AFA48627-C222-49A2-9992-AC10848EC8BB}.Debug|x86.Build.0 = Debug|Any CPU
		{AFA48627-C222-49A2-9992-AC10848EC8BB}.Release|Any CPU.ActiveCfg = Release|Any CPU
		{AFA48627-C222-49A2-9992-AC10848EC8BB}.Release|Any CPU.Build.0 = Release|Any CPU
		{AFA48627-C222-49A2-9992-AC10848EC8BB}.Release|x64.ActiveCfg = Release|Any CPU
		{AFA48627-C222-49A2-9992-AC10848EC8BB}.Release|x64.Build.0 = Release|Any CPU
		{AFA48627-C222-49A2-9992-AC10848EC8BB}.Release|x86.ActiveCfg = Release|Any CPU
		{AFA48627-C222-49A2-9992-AC10848EC8BB}.Release|x86.Build.0 = Release|Any CPU
	EndGlobalSection
EndGlobal
